// !$*UTF8*$!
{
	archiveVersion = 1;
	classes = {
	};
	objectVersion = 56;
	objects = {

/* Begin PBXBuildFile section */
		4A045D3F298DA7E200E5B75A /* AppView.swift in Sources */ = {isa = PBXBuildFile; fileRef = 4A045D3E298DA7E200E5B75A /* AppView.swift */; };
		4A045D41298DA80B00E5B75A /* resorts.json in Resources */ = {isa = PBXBuildFile; fileRef = 4A045D40298DA80B00E5B75A /* resorts.json */; };
		4A045D43298DA88400E5B75A /* Resort.swift in Sources */ = {isa = PBXBuildFile; fileRef = 4A045D42298DA88400E5B75A /* Resort.swift */; };
		4A045D45298DA91B00E5B75A /* Bundle-Decodable.swift in Sources */ = {isa = PBXBuildFile; fileRef = 4A045D44298DA91B00E5B75A /* Bundle-Decodable.swift */; };
		4A045D47298DAC7900E5B75A /* WelcomeView.swift in Sources */ = {isa = PBXBuildFile; fileRef = 4A045D46298DAC7900E5B75A /* WelcomeView.swift */; };
		4A045D49298DAE8800E5B75A /* ResortView.swift in Sources */ = {isa = PBXBuildFile; fileRef = 4A045D48298DAE8800E5B75A /* ResortView.swift */; };
		4A045D4B298DAF7200E5B75A /* SkiDetailsView.swift in Sources */ = {isa = PBXBuildFile; fileRef = 4A045D4A298DAF7200E5B75A /* SkiDetailsView.swift */; };
		4A045D4D298DB01600E5B75A /* ResortDetailsView.swift in Sources */ = {isa = PBXBuildFile; fileRef = 4A045D4C298DB01600E5B75A /* ResortDetailsView.swift */; };
		4A047644298E313C003F3792 /* Facility.swift in Sources */ = {isa = PBXBuildFile; fileRef = 4A047643298E313C003F3792 /* Facility.swift */; };
		4A047646298E348A003F3792 /* Favorites.swift in Sources */ = {isa = PBXBuildFile; fileRef = 4A047645298E348A003F3792 /* Favorites.swift */; };
		4A0B5191298A38AE000C4AA7 /* SnowSeekerApp.swift in Sources */ = {isa = PBXBuildFile; fileRef = 4A0B5190298A38AE000C4AA7 /* SnowSeekerApp.swift */; };
		4A0B5193298A38AE000C4AA7 /* ContentView.swift in Sources */ = {isa = PBXBuildFile; fileRef = 4A0B5192298A38AE000C4AA7 /* ContentView.swift */; };
		4A0B5195298A38AF000C4AA7 /* Assets.xcassets in Resources */ = {isa = PBXBuildFile; fileRef = 4A0B5194298A38AF000C4AA7 /* Assets.xcassets */; };
		4A0B5198298A38AF000C4AA7 /* Preview Assets.xcassets in Resources */ = {isa = PBXBuildFile; fileRef = 4A0B5197298A38AF000C4AA7 /* Preview Assets.xcassets */; };
		4A0B51A0298A3AE2000C4AA7 /* iPadLayoutView.swift in Sources */ = {isa = PBXBuildFile; fileRef = 4A0B519F298A3AE1000C4AA7 /* iPadLayoutView.swift */; };
		4A0B51A2298A3B99000C4AA7 /* AlertsWithOptionalsView.swift in Sources */ = {isa = PBXBuildFile; fileRef = 4A0B51A1298A3B99000C4AA7 /* AlertsWithOptionalsView.swift */; };
		4A0B51A4298A3EE2000C4AA7 /* GroupView.swift in Sources */ = {isa = PBXBuildFile; fileRef = 4A0B51A3298A3EE2000C4AA7 /* GroupView.swift */; };
		4A0B51A6298A406F000C4AA7 /* SearchableView.swift in Sources */ = {isa = PBXBuildFile; fileRef = 4A0B51A5298A406F000C4AA7 /* SearchableView.swift */; };
		4A0DA3DC2990E8CD006341C7 /* FileManager-Path.swift in Sources */ = {isa = PBXBuildFile; fileRef = 4A0DA3DB2990E8CD006341C7 /* FileManager-Path.swift */; };
/* End PBXBuildFile section */

/* Begin PBXFileReference section */
		4A045D3E298DA7E200E5B75A /* AppView.swift */ = {isa = PBXFileReference; lastKnownFileType = sourcecode.swift; path = AppView.swift; sourceTree = "<group>"; };
		4A045D40298DA80B00E5B75A /* resorts.json */ = {isa = PBXFileReference; fileEncoding = 4; lastKnownFileType = text.json; path = resorts.json; sourceTree = "<group>"; };
		4A045D42298DA88400E5B75A /* Resort.swift */ = {isa = PBXFileReference; lastKnownFileType = sourcecode.swift; path = Resort.swift; sourceTree = "<group>"; };
		4A045D44298DA91B00E5B75A /* Bundle-Decodable.swift */ = {isa = PBXFileReference; lastKnownFileType = sourcecode.swift; path = "Bundle-Decodable.swift"; sourceTree = "<group>"; };
		4A045D46298DAC7900E5B75A /* WelcomeView.swift */ = {isa = PBXFileReference; lastKnownFileType = sourcecode.swift; path = WelcomeView.swift; sourceTree = "<group>"; };
		4A045D48298DAE8800E5B75A /* ResortView.swift */ = {isa = PBXFileReference; lastKnownFileType = sourcecode.swift; path = ResortView.swift; sourceTree = "<group>"; };
		4A045D4A298DAF7200E5B75A /* SkiDetailsView.swift */ = {isa = PBXFileReference; lastKnownFileType = sourcecode.swift; path = SkiDetailsView.swift; sourceTree = "<group>"; };
		4A045D4C298DB01600E5B75A /* ResortDetailsView.swift */ = {isa = PBXFileReference; lastKnownFileType = sourcecode.swift; path = ResortDetailsView.swift; sourceTree = "<group>"; };
		4A047643298E313C003F3792 /* Facility.swift */ = {isa = PBXFileReference; lastKnownFileType = sourcecode.swift; path = Facility.swift; sourceTree = "<group>"; };
		4A047645298E348A003F3792 /* Favorites.swift */ = {isa = PBXFileReference; lastKnownFileType = sourcecode.swift; path = Favorites.swift; sourceTree = "<group>"; };
		4A0B518D298A38AE000C4AA7 /* SnowSeeker.app */ = {isa = PBXFileReference; explicitFileType = wrapper.application; includeInIndex = 0; path = SnowSeeker.app; sourceTree = BUILT_PRODUCTS_DIR; };
		4A0B5190298A38AE000C4AA7 /* SnowSeekerApp.swift */ = {isa = PBXFileReference; lastKnownFileType = sourcecode.swift; path = SnowSeekerApp.swift; sourceTree = "<group>"; };
		4A0B5192298A38AE000C4AA7 /* ContentView.swift */ = {isa = PBXFileReference; lastKnownFileType = sourcecode.swift; path = ContentView.swift; sourceTree = "<group>"; };
		4A0B5194298A38AF000C4AA7 /* Assets.xcassets */ = {isa = PBXFileReference; lastKnownFileType = folder.assetcatalog; path = Assets.xcassets; sourceTree = "<group>"; };
		4A0B5197298A38AF000C4AA7 /* Preview Assets.xcassets */ = {isa = PBXFileReference; lastKnownFileType = folder.assetcatalog; path = "Preview Assets.xcassets"; sourceTree = "<group>"; };
		4A0B519F298A3AE1000C4AA7 /* iPadLayoutView.swift */ = {isa = PBXFileReference; lastKnownFileType = sourcecode.swift; path = iPadLayoutView.swift; sourceTree = "<group>"; };
		4A0B51A1298A3B99000C4AA7 /* AlertsWithOptionalsView.swift */ = {isa = PBXFileReference; lastKnownFileType = sourcecode.swift; path = AlertsWithOptionalsView.swift; sourceTree = "<group>"; };
		4A0B51A3298A3EE2000C4AA7 /* GroupView.swift */ = {isa = PBXFileReference; lastKnownFileType = sourcecode.swift; path = GroupView.swift; sourceTree = "<group>"; };
		4A0B51A5298A406F000C4AA7 /* SearchableView.swift */ = {isa = PBXFileReference; lastKnownFileType = sourcecode.swift; path = SearchableView.swift; sourceTree = "<group>"; };
		4A0DA3DB2990E8CD006341C7 /* FileManager-Path.swift */ = {isa = PBXFileReference; lastKnownFileType = sourcecode.swift; path = "FileManager-Path.swift"; sourceTree = "<group>"; };
/* End PBXFileReference section */

/* Begin PBXFrameworksBuildPhase section */
		4A0B518A298A38AE000C4AA7 /* Frameworks */ = {
			isa = PBXFrameworksBuildPhase;
			buildActionMask = 2147483647;
			files = (
			);
			runOnlyForDeploymentPostprocessing = 0;
		};
/* End PBXFrameworksBuildPhase section */

/* Begin PBXGroup section */
		4A045D3D298DA7DB00E5B75A /* App */ = {
			isa = PBXGroup;
			children = (
				4A045D3E298DA7E200E5B75A /* AppView.swift */,
				4A045D46298DAC7900E5B75A /* WelcomeView.swift */,
				4A045D48298DAE8800E5B75A /* ResortView.swift */,
				4A045D4A298DAF7200E5B75A /* SkiDetailsView.swift */,
				4A045D4C298DB01600E5B75A /* ResortDetailsView.swift */,
				4A045D42298DA88400E5B75A /* Resort.swift */,
				4A047643298E313C003F3792 /* Facility.swift */,
				4A047645298E348A003F3792 /* Favorites.swift */,
				4A045D44298DA91B00E5B75A /* Bundle-Decodable.swift */,
				4A0DA3DB2990E8CD006341C7 /* FileManager-Path.swift */,
			);
			path = App;
			sourceTree = "<group>";
		};
		4A0B5184298A38AE000C4AA7 = {
			isa = PBXGroup;
			children = (
				4A0B518F298A38AE000C4AA7 /* SnowSeeker */,
				4A0B518E298A38AE000C4AA7 /* Products */,
			);
			sourceTree = "<group>";
		};
		4A0B518E298A38AE000C4AA7 /* Products */ = {
			isa = PBXGroup;
			children = (
				4A0B518D298A38AE000C4AA7 /* SnowSeeker.app */,
			);
			name = Products;
			sourceTree = "<group>";
		};
		4A0B518F298A38AE000C4AA7 /* SnowSeeker */ = {
			isa = PBXGroup;
			children = (
				4A0B5190298A38AE000C4AA7 /* SnowSeekerApp.swift */,
				4A0B5192298A38AE000C4AA7 /* ContentView.swift */,
				4A045D3D298DA7DB00E5B75A /* App */,
				4A0B519E298A3AD4000C4AA7 /* Techniques */,
				4A045D40298DA80B00E5B75A /* resorts.json */,
				4A0B5194298A38AF000C4AA7 /* Assets.xcassets */,
				4A0B5196298A38AF000C4AA7 /* Preview Content */,
			);
			path = SnowSeeker;
			sourceTree = "<group>";
		};
		4A0B5196298A38AF000C4AA7 /* Preview Content */ = {
			isa = PBXGroup;
			children = (
				4A0B5197298A38AF000C4AA7 /* Preview Assets.xcassets */,
			);
			path = "Preview Content";
			sourceTree = "<group>";
		};
		4A0B519E298A3AD4000C4AA7 /* Techniques */ = {
			isa = PBXGroup;
			children = (
				4A0B519F298A3AE1000C4AA7 /* iPadLayoutView.swift */,
				4A0B51A1298A3B99000C4AA7 /* AlertsWithOptionalsView.swift */,
				4A0B51A3298A3EE2000C4AA7 /* GroupView.swift */,
				4A0B51A5298A406F000C4AA7 /* SearchableView.swift */,
			);
			path = Techniques;
			sourceTree = "<group>";
		};
/* End PBXGroup section */

/* Begin PBXNativeTarget section */
		4A0B518C298A38AE000C4AA7 /* SnowSeeker */ = {
			isa = PBXNativeTarget;
			buildConfigurationList = 4A0B519B298A38AF000C4AA7 /* Build configuration list for PBXNativeTarget "SnowSeeker" */;
			buildPhases = (
				4A0B5189298A38AE000C4AA7 /* Sources */,
				4A0B518A298A38AE000C4AA7 /* Frameworks */,
				4A0B518B298A38AE000C4AA7 /* Resources */,
			);
			buildRules = (
			);
			dependencies = (
			);
			name = SnowSeeker;
			productName = SnowSeeker;
			productReference = 4A0B518D298A38AE000C4AA7 /* SnowSeeker.app */;
			productType = "com.apple.product-type.application";
		};
/* End PBXNativeTarget section */

/* Begin PBXProject section */
		4A0B5185298A38AE000C4AA7 /* Project object */ = {
			isa = PBXProject;
			attributes = {
				BuildIndependentTargetsInParallel = 1;
				LastSwiftUpdateCheck = 1420;
				LastUpgradeCheck = 1420;
				TargetAttributes = {
					4A0B518C298A38AE000C4AA7 = {
						CreatedOnToolsVersion = 14.2;
					};
				};
			};
			buildConfigurationList = 4A0B5188298A38AE000C4AA7 /* Build configuration list for PBXProject "SnowSeeker" */;
			compatibilityVersion = "Xcode 14.0";
			developmentRegion = en;
			hasScannedForEncodings = 0;
			knownRegions = (
				en,
				Base,
			);
			mainGroup = 4A0B5184298A38AE000C4AA7;
			productRefGroup = 4A0B518E298A38AE000C4AA7 /* Products */;
			projectDirPath = "";
			projectRoot = "";
			targets = (
				4A0B518C298A38AE000C4AA7 /* SnowSeeker */,
			);
		};
/* End PBXProject section */

/* Begin PBXResourcesBuildPhase section */
		4A0B518B298A38AE000C4AA7 /* Resources */ = {
			isa = PBXResourcesBuildPhase;
			buildActionMask = 2147483647;
			files = (
				4A045D41298DA80B00E5B75A /* resorts.json in Resources */,
				4A0B5198298A38AF000C4AA7 /* Preview Assets.xcassets in Resources */,
				4A0B5195298A38AF000C4AA7 /* Assets.xcassets in Resources */,
			);
			runOnlyForDeploymentPostprocessing = 0;
		};
/* End PBXResourcesBuildPhase section */

/* Begin PBXSourcesBuildPhase section */
		4A0B5189298A38AE000C4AA7 /* Sources */ = {
			isa = PBXSourcesBuildPhase;
			buildActionMask = 2147483647;
			files = (
				4A0B51A6298A406F000C4AA7 /* SearchableView.swift in Sources */,
				4A0B5193298A38AE000C4AA7 /* ContentView.swift in Sources */,
				4A0B51A0298A3AE2000C4AA7 /* iPadLayoutView.swift in Sources */,
				4A047646298E348A003F3792 /* Favorites.swift in Sources */,
				4A045D4D298DB01600E5B75A /* ResortDetailsView.swift in Sources */,
				4A045D49298DAE8800E5B75A /* ResortView.swift in Sources */,
				4A0DA3DC2990E8CD006341C7 /* FileManager-Path.swift in Sources */,
				4A045D3F298DA7E200E5B75A /* AppView.swift in Sources */,
				4A0B51A4298A3EE2000C4AA7 /* GroupView.swift in Sources */,
				4A045D47298DAC7900E5B75A /* WelcomeView.swift in Sources */,
				4A045D4B298DAF7200E5B75A /* SkiDetailsView.swift in Sources */,
				4A045D45298DA91B00E5B75A /* Bundle-Decodable.swift in Sources */,
				4A0B5191298A38AE000C4AA7 /* SnowSeekerApp.swift in Sources */,
				4A045D43298DA88400E5B75A /* Resort.swift in Sources */,
				4A047644298E313C003F3792 /* Facility.swift in Sources */,
				4A0B51A2298A3B99000C4AA7 /* AlertsWithOptionalsView.swift in Sources */,
			);
			runOnlyForDeploymentPostprocessing = 0;
		};
/* End PBXSourcesBuildPhase section */

/* Begin XCBuildConfiguration section */
		4A0B5199298A38AF000C4AA7 /* Debug */ = {
			isa = XCBuildConfiguration;
			buildSettings = {
				ALWAYS_SEARCH_USER_PATHS = NO;
				CLANG_ANALYZER_NONNULL = YES;
				CLANG_ANALYZER_NUMBER_OBJECT_CONVERSION = YES_AGGRESSIVE;
				CLANG_CXX_LANGUAGE_STANDARD = "gnu++20";
				CLANG_ENABLE_MODULES = YES;
				CLANG_ENABLE_OBJC_ARC = YES;
				CLANG_ENABLE_OBJC_WEAK = YES;
				CLANG_WARN_BLOCK_CAPTURE_AUTORELEASING = YES;
				CLANG_WARN_BOOL_CONVERSION = YES;
				CLANG_WARN_COMMA = YES;
				CLANG_WARN_CONSTANT_CONVERSION = YES;
				CLANG_WARN_DEPRECATED_OBJC_IMPLEMENTATIONS = YES;
				CLANG_WARN_DIRECT_OBJC_ISA_USAGE = YES_ERROR;
				CLANG_WARN_DOCUMENTATION_COMMENTS = YES;
				CLANG_WARN_EMPTY_BODY = YES;
				CLANG_WARN_ENUM_CONVERSION = YES;
				CLANG_WARN_INFINITE_RECURSION = YES;
				CLANG_WARN_INT_CONVERSION = YES;
				CLANG_WARN_NON_LITERAL_NULL_CONVERSION = YES;
				CLANG_WARN_OBJC_IMPLICIT_RETAIN_SELF = YES;
				CLANG_WARN_OBJC_LITERAL_CONVERSION = YES;
				CLANG_WARN_OBJC_ROOT_CLASS = YES_ERROR;
				CLANG_WARN_QUOTED_INCLUDE_IN_FRAMEWORK_HEADER = YES;
				CLANG_WARN_RANGE_LOOP_ANALYSIS = YES;
				CLANG_WARN_STRICT_PROTOTYPES = YES;
				CLANG_WARN_SUSPICIOUS_MOVE = YES;
				CLANG_WARN_UNGUARDED_AVAILABILITY = YES_AGGRESSIVE;
				CLANG_WARN_UNREACHABLE_CODE = YES;
				CLANG_WARN__DUPLICATE_METHOD_MATCH = YES;
				COPY_PHASE_STRIP = NO;
				DEBUG_INFORMATION_FORMAT = dwarf;
				ENABLE_STRICT_OBJC_MSGSEND = YES;
				ENABLE_TESTABILITY = YES;
				GCC_C_LANGUAGE_STANDARD = gnu11;
				GCC_DYNAMIC_NO_PIC = NO;
				GCC_NO_COMMON_BLOCKS = YES;
				GCC_OPTIMIZATION_LEVEL = 0;
				GCC_PREPROCESSOR_DEFINITIONS = (
					"DEBUG=1",
					"$(inherited)",
				);
				GCC_WARN_64_TO_32_BIT_CONVERSION = YES;
				GCC_WARN_ABOUT_RETURN_TYPE = YES_ERROR;
				GCC_WARN_UNDECLARED_SELECTOR = YES;
				GCC_WARN_UNINITIALIZED_AUTOS = YES_AGGRESSIVE;
				GCC_WARN_UNUSED_FUNCTION = YES;
				GCC_WARN_UNUSED_VARIABLE = YES;
				IPHONEOS_DEPLOYMENT_TARGET = 16.2;
				MTL_ENABLE_DEBUG_INFO = INCLUDE_SOURCE;
				MTL_FAST_MATH = YES;
				ONLY_ACTIVE_ARCH = YES;
				SDKROOT = iphoneos;
				SWIFT_ACTIVE_COMPILATION_CONDITIONS = DEBUG;
				SWIFT_OPTIMIZATION_LEVEL = "-Onone";
			};
			name = Debug;
		};
		4A0B519A298A38AF000C4AA7 /* Release */ = {
			isa = XCBuildConfiguration;
			buildSettings = {
				ALWAYS_SEARCH_USER_PATHS = NO;
				CLANG_ANALYZER_NONNULL = YES;
				CLANG_ANALYZER_NUMBER_OBJECT_CONVERSION = YES_AGGRESSIVE;
				CLANG_CXX_LANGUAGE_STANDARD = "gnu++20";
				CLANG_ENABLE_MODULES = YES;
				CLANG_ENABLE_OBJC_ARC = YES;
				CLANG_ENABLE_OBJC_WEAK = YES;
				CLANG_WARN_BLOCK_CAPTURE_AUTORELEASING = YES;
				CLANG_WARN_BOOL_CONVERSION = YES;
				CLANG_WARN_COMMA = YES;
				CLANG_WARN_CONSTANT_CONVERSION = YES;
				CLANG_WARN_DEPRECATED_OBJC_IMPLEMENTATIONS = YES;
				CLANG_WARN_DIRECT_OBJC_ISA_USAGE = YES_ERROR;
				CLANG_WARN_DOCUMENTATION_COMMENTS = YES;
				CLANG_WARN_EMPTY_BODY = YES;
				CLANG_WARN_ENUM_CONVERSION = YES;
				CLANG_WARN_INFINITE_RECURSION = YES;
				CLANG_WARN_INT_CONVERSION = YES;
				CLANG_WARN_NON_LITERAL_NULL_CONVERSION = YES;
				CLANG_WARN_OBJC_IMPLICIT_RETAIN_SELF = YES;
				CLANG_WARN_OBJC_LITERAL_CONVERSION = YES;
				CLANG_WARN_OBJC_ROOT_CLASS = YES_ERROR;
				CLANG_WARN_QUOTED_INCLUDE_IN_FRAMEWORK_HEADER = YES;
				CLANG_WARN_RANGE_LOOP_ANALYSIS = YES;
				CLANG_WARN_STRICT_PROTOTYPES = YES;
				CLANG_WARN_SUSPICIOUS_MOVE = YES;
				CLANG_WARN_UNGUARDED_AVAILABILITY = YES_AGGRESSIVE;
				CLANG_WARN_UNREACHABLE_CODE = YES;
				CLANG_WARN__DUPLICATE_METHOD_MATCH = YES;
				COPY_PHASE_STRIP = NO;
				DEBUG_INFORMATION_FORMAT = "dwarf-with-dsym";
				ENABLE_NS_ASSERTIONS = NO;
				ENABLE_STRICT_OBJC_MSGSEND = YES;
				GCC_C_LANGUAGE_STANDARD = gnu11;
				GCC_NO_COMMON_BLOCKS = YES;
				GCC_WARN_64_TO_32_BIT_CONVERSION = YES;
				GCC_WARN_ABOUT_RETURN_TYPE = YES_ERROR;
				GCC_WARN_UNDECLARED_SELECTOR = YES;
				GCC_WARN_UNINITIALIZED_AUTOS = YES_AGGRESSIVE;
				GCC_WARN_UNUSED_FUNCTION = YES;
				GCC_WARN_UNUSED_VARIABLE = YES;
				IPHONEOS_DEPLOYMENT_TARGET = 16.2;
				MTL_ENABLE_DEBUG_INFO = NO;
				MTL_FAST_MATH = YES;
				SDKROOT = iphoneos;
				SWIFT_COMPILATION_MODE = wholemodule;
				SWIFT_OPTIMIZATION_LEVEL = "-O";
				VALIDATE_PRODUCT = YES;
			};
			name = Release;
		};
		4A0B519C298A38AF000C4AA7 /* Debug */ = {
			isa = XCBuildConfiguration;
			buildSettings = {
				ASSETCATALOG_COMPILER_APPICON_NAME = AppIcon;
				ASSETCATALOG_COMPILER_GLOBAL_ACCENT_COLOR_NAME = AccentColor;
				CODE_SIGN_STYLE = Automatic;
				CURRENT_PROJECT_VERSION = 1;
				DEVELOPMENT_ASSET_PATHS = "\"SnowSeeker/Preview Content\"";
				ENABLE_PREVIEWS = YES;
				GENERATE_INFOPLIST_FILE = YES;
				INFOPLIST_KEY_UIApplicationSceneManifest_Generation = YES;
				INFOPLIST_KEY_UIApplicationSupportsIndirectInputEvents = YES;
				INFOPLIST_KEY_UILaunchScreen_Generation = YES;
				INFOPLIST_KEY_UISupportedInterfaceOrientations_iPad = "UIInterfaceOrientationPortrait UIInterfaceOrientationPortraitUpsideDown UIInterfaceOrientationLandscapeLeft UIInterfaceOrientationLandscapeRight";
				INFOPLIST_KEY_UISupportedInterfaceOrientations_iPhone = "UIInterfaceOrientationPortrait UIInterfaceOrientationLandscapeLeft UIInterfaceOrientationLandscapeRight";
				LD_RUNPATH_SEARCH_PATHS = (
					"$(inherited)",
					"@executable_path/Frameworks",
				);
				MARKETING_VERSION = 1.0;
				PRODUCT_BUNDLE_IDENTIFIER = com.venturelive.SnowSeeker;
				PRODUCT_NAME = "$(TARGET_NAME)";
				SWIFT_EMIT_LOC_STRINGS = YES;
				SWIFT_VERSION = 5.0;
				TARGETED_DEVICE_FAMILY = "1,2";
			};
			name = Debug;
		};
		4A0B519D298A38AF000C4AA7 /* Release */ = {
			isa = XCBuildConfiguration;
			buildSettings = {
				ASSETCATALOG_COMPILER_APPICON_NAME = AppIcon;
				ASSETCATALOG_COMPILER_GLOBAL_ACCENT_COLOR_NAME = AccentColor;
				CODE_SIGN_STYLE = Automatic;
				CURRENT_PROJECT_VERSION = 1;
				DEVELOPMENT_ASSET_PATHS = "\"SnowSeeker/Preview Content\"";
				ENABLE_PREVIEWS = YES;
				GENERATE_INFOPLIST_FILE = YES;
				INFOPLIST_KEY_UIApplicationSceneManifest_Generation = YES;
				INFOPLIST_KEY_UIApplicationSupportsIndirectInputEvents = YES;
				INFOPLIST_KEY_UILaunchScreen_Generation = YES;
				INFOPLIST_KEY_UISupportedInterfaceOrientations_iPad = "UIInterfaceOrientationPortrait UIInterfaceOrientationPortraitUpsideDown UIInterfaceOrientationLandscapeLeft UIInterfaceOrientationLandscapeRight";
				INFOPLIST_KEY_UISupportedInterfaceOrientations_iPhone = "UIInterfaceOrientationPortrait UIInterfaceOrientationLandscapeLeft UIInterfaceOrientationLandscapeRight";
				LD_RUNPATH_SEARCH_PATHS = (
					"$(inherited)",
					"@executable_path/Frameworks",
				);
				MARKETING_VERSION = 1.0;
				PRODUCT_BUNDLE_IDENTIFIER = com.venturelive.SnowSeeker;
				PRODUCT_NAME = "$(TARGET_NAME)";
				SWIFT_EMIT_LOC_STRINGS = YES;
				SWIFT_VERSION = 5.0;
				TARGETED_DEVICE_FAMILY = "1,2";
			};
			name = Release;
		};
/* End XCBuildConfiguration section */

/* Begin XCConfigurationList section */
		4A0B5188298A38AE000C4AA7 /* Build configuration list for PBXProject "SnowSeeker" */ = {
			isa = XCConfigurationList;
			buildConfigurations = (
				4A0B5199298A38AF000C4AA7 /* Debug */,
				4A0B519A298A38AF000C4AA7 /* Release */,
			);
			defaultConfigurationIsVisible = 0;
			defaultConfigurationName = Release;
		};
		4A0B519B298A38AF000C4AA7 /* Build configuration list for PBXNativeTarget "SnowSeeker" */ = {
			isa = XCConfigurationList;
			buildConfigurations = (
				4A0B519C298A38AF000C4AA7 /* Debug */,
				4A0B519D298A38AF000C4AA7 /* Release */,
			);
			defaultConfigurationIsVisible = 0;
			defaultConfigurationName = Release;
		};
/* End XCConfigurationList section */
	};
	rootObject = 4A0B5185298A38AE000C4AA7 /* Project object */;
}
